
Microsoft Visual Studio Solution File, Format Version 12.00
# Visual Studio Version 17
VisualStudioVersion = 17.4.34302.79
MinimumVisualStudioVersion = 10.0.40219.1
Project("{FAE04EC0-301F-11D3-BF4B-00C04F79EFBC}") = "Geometry", "Geometry\Geometry.csproj", "{62261791-2FCA-4B5D-8222-421220960DCF}"
EndProject
Global
	GlobalSection(SolutionConfigurationPlatforms) = preSolution
		Debug|Any CPU = Debug|Any CPU
		Release|Any CPU = Release|Any CPU
	EndGlobalSection
	GlobalSection(ProjectConfigurationPlatforms) = postSolution
		{62261791-2FCA-4B5D-8222-421220960DCF}.Debug|Any CPU.ActiveCfg = Debug|Any CPU
		{62261791-2FCA-4B5D-8222-421220960DCF}.Debug|Any CPU.Build.0 = Debug|Any CPU
		{62261791-2FCA-4B5D-8222-421220960DCF}.Release|Any CPU.ActiveCfg = Release|Any CPU
		{62261791-2FCA-4B5D-8222-421220960DCF}.Release|Any CPU.Build.0 = Release|Any CPU
	EndGlobalSection
	GlobalSection(SolutionProperties) = preSolution
		HideSolutionNode = FALSE
	EndGlobalSection
	GlobalSection(ExtensibilityGlobals) = postSolution
		SolutionGuid = {0DFC3C09-0A1A-4BA3-9818-8A78663D5519}
	EndGlobalSection
EndGlobal
